
Microsoft Visual Studio Solution File, Format Version 12.00
# Visual Studio Version 17
VisualStudioVersion = 17.1.32228.430
MinimumVisualStudioVersion = 10.0.40219.1
Project("{FAE04EC0-301F-11D3-BF4B-00C04F79EFBC}") = "KnapsackProblemGeneticAlgorithm", "KnapsackProblemGeneticAlgorithm.csproj", "{1AED0942-7F12-4B9A-A343-D5BBCA529C4A}"
EndProject
Global
	GlobalSection(SolutionConfigurationPlatforms) = preSolution
		Debug|Any CPU = Debug|Any CPU
		Release|Any CPU = Release|Any CPU
	EndGlobalSection
	GlobalSection(ProjectConfigurationPlatforms) = postSolution
		{1AED0942-7F12-4B9A-A343-D5BBCA529C4A}.Debug|Any CPU.ActiveCfg = Debug|Any CPU
		{1AED0942-7F12-4B9A-A343-D5BBCA529C4A}.Debug|Any CPU.Build.0 = Debug|Any CPU
		{1AED0942-7F12-4B9A-A343-D5BBCA529C4A}.Release|Any CPU.ActiveCfg = Release|Any CPU
		{1AED0942-7F12-4B9A-A343-D5BBCA529C4A}.Release|Any CPU.Build.0 = Release|Any CPU
	EndGlobalSection
	GlobalSection(SolutionProperties) = preSolution
		HideSolutionNode = FALSE
	EndGlobalSection
	GlobalSection(ExtensibilityGlobals) = postSolution
		SolutionGuid = {4E4365E0-0927-463F-AA68-B2BA03DF2D73}
	EndGlobalSection
EndGlobal
